
Microsoft Visual Studio Solution File, Format Version 12.00
# Visual Studio Version 17
VisualStudioVersion = 17.8.34330.188
MinimumVisualStudioVersion = 10.0.40219.1
Project("{FAE04EC0-301F-11D3-BF4B-00C04F79EFBC}") = "UniversityEvents", "UniversityEvents.csproj", "{202288AD-CFE7-4678-A114-D95D5125C5CD}"
EndProject
Global
	GlobalSection(SolutionConfigurationPlatforms) = preSolution
		Debug|Any CPU = Debug|Any CPU
		Release|Any CPU = Release|Any CPU
	EndGlobalSection
	GlobalSection(ProjectConfigurationPlatforms) = postSolution
		{202288AD-CFE7-4678-A114-D95D5125C5CD}.Debug|Any CPU.ActiveCfg = Debug|Any CPU
		{202288AD-CFE7-4678-A114-D95D5125C5CD}.Debug|Any CPU.Build.0 = Debug|Any CPU
		{202288AD-CFE7-4678-A114-D95D5125C5CD}.Release|Any CPU.ActiveCfg = Release|Any CPU
		{202288AD-CFE7-4678-A114-D95D5125C5CD}.Release|Any CPU.Build.0 = Release|Any CPU
	EndGlobalSection
	GlobalSection(SolutionProperties) = preSolution
		HideSolutionNode = FALSE
	EndGlobalSection
	GlobalSection(ExtensibilityGlobals) = postSolution
		SolutionGuid = {252CE049-C9AE-4ABE-A8C0-C388FBD8408C}
	EndGlobalSection
EndGlobal
